PODS:
  - AFNetworking (2.5.4):
    - AFNetworking/NSURLConnection (= 2.5.4)
    - AFNetworking/NSURLSession (= 2.5.4)
    - AFNetworking/Reachability (= 2.5.4)
    - AFNetworking/Security (= 2.5.4)
    - AFNetworking/Serialization (= 2.5.4)
    - AFNetworking/UIKit (= 2.5.4)
  - AFNetworking/NSURLConnection (2.5.4):
    - AFNetworking/Reachability
    - AFNetworking/Security
    - AFNetworking/Serialization
  - AFNetworking/NSURLSession (2.5.4):
    - AFNetworking/Reachability
    - AFNetworking/Security
    - AFNetworking/Serialization
  - AFNetworking/Reachability (2.5.4)
  - AFNetworking/Security (2.5.4)
  - AFNetworking/Serialization (2.5.4)
  - AFNetworking/UIKit (2.5.4):
    - AFNetworking/NSURLConnection
    - AFNetworking/NSURLSession
  - AHKActionSheet (0.5.1)
  - Bolts (1.2.0):
    - Bolts/AppLinks (= 1.2.0)
    - Bolts/Tasks (= 1.2.0)
  - Bolts/AppLinks (1.2.0):
    - Bolts/Tasks
  - Bolts/Tasks (1.2.0)
  - FastSocket (1.3)
  - FBSDKCoreKit (4.4.0):
    - Bolts (~> 1.1)
    - FBSDKCoreKit/arc (= 4.4.0)
    - FBSDKCoreKit/no-arc (= 4.4.0)
  - FBSDKCoreKit/arc (4.4.0):
    - Bolts (~> 1.1)
  - FBSDKCoreKit/no-arc (4.4.0):
    - Bolts (~> 1.1)
    - FBSDKCoreKit/arc
  - FBSDKLoginKit (4.4.0):
    - FBSDKCoreKit
  - FBSDKShareKit (4.4.0):
    - FBSDKCoreKit
  - FCFileManager (1.0.12)
  - GBPing (1.1.1)
  - Google-API-Client (1.0.422):
    - Google-API-Client/AdSense (= 1.0.422)
    - Google-API-Client/Analytics (= 1.0.422)
    - Google-API-Client/AppState (= 1.0.422)
    - Google-API-Client/Bigquery (= 1.0.422)
    - Google-API-Client/Blogger (= 1.0.422)
    - Google-API-Client/Books (= 1.0.422)
    - Google-API-Client/Calendar (= 1.0.422)
    - Google-API-Client/CivicInfo (= 1.0.422)
    - Google-API-Client/Common (= 1.0.422)
    - Google-API-Client/Compute (= 1.0.422)
    - Google-API-Client/Discovery (= 1.0.422)
    - Google-API-Client/DoubleClickBidManager (= 1.0.422)
    - Google-API-Client/Drive (= 1.0.422)
    - Google-API-Client/Gmail (= 1.0.422)
    - Google-API-Client/Groupssettings (= 1.0.422)
    - Google-API-Client/Licensing (= 1.0.422)
    - Google-API-Client/MapsEngine (= 1.0.422)
    - Google-API-Client/Mirror (= 1.0.422)
    - Google-API-Client/Orkut (= 1.0.422)
    - Google-API-Client/Plus (= 1.0.422)
    - Google-API-Client/PlusDomains (= 1.0.422)
    - Google-API-Client/Prediction (= 1.0.422)
    - Google-API-Client/QPXExpress (= 1.0.422)
    - Google-API-Client/Spectrum (= 1.0.422)
    - Google-API-Client/SQLAdmin (= 1.0.422)
    - Google-API-Client/Storage (= 1.0.422)
    - Google-API-Client/Tasks (= 1.0.422)
    - Google-API-Client/Urlshortener (= 1.0.422)
    - Google-API-Client/YouTube (= 1.0.422)
    - Google-API-Client/YouTubeAnalytics (= 1.0.422)
    - gtm-http-fetcher (~> 1.0.141)
    - gtm-oauth2 (~> 1.0.125)
  - Google-API-Client/AdSense (1.0.422):
    - Google-API-Client/Common
    - gtm-http-fetcher (~> 1.0.141)
    - gtm-oauth2 (~> 1.0.125)
  - Google-API-Client/Analytics (1.0.422):
    - Google-API-Client/Common
    - gtm-http-fetcher (~> 1.0.141)
    - gtm-oauth2 (~> 1.0.125)
  - Google-API-Client/AppState (1.0.422):
    - Google-API-Client/Common
    - gtm-http-fetcher (~> 1.0.141)
    - gtm-oauth2 (~> 1.0.125)
  - Google-API-Client/Bigquery (1.0.422):
    - Google-API-Client/Common
    - gtm-http-fetcher (~> 1.0.141)
    - gtm-oauth2 (~> 1.0.125)
  - Google-API-Client/Blogger (1.0.422):
    - Google-API-Client/Common
    - gtm-http-fetcher (~> 1.0.141)
    - gtm-oauth2 (~> 1.0.125)
  - Google-API-Client/Books (1.0.422):
    - Google-API-Client/Common
    - gtm-http-fetcher (~> 1.0.141)
    - gtm-oauth2 (~> 1.0.125)
  - Google-API-Client/Calendar (1.0.422):
    - Google-API-Client/Common
    - gtm-http-fetcher (~> 1.0.141)
    - gtm-oauth2 (~> 1.0.125)
  - Google-API-Client/CivicInfo (1.0.422):
    - Google-API-Client/Common
    - gtm-http-fetcher (~> 1.0.141)
    - gtm-oauth2 (~> 1.0.125)
  - Google-API-Client/Common (1.0.422):
    - gtm-http-fetcher (~> 1.0.141)
    - gtm-oauth2 (~> 1.0.125)
  - Google-API-Client/Compute (1.0.422):
    - Google-API-Client/Common
    - gtm-http-fetcher (~> 1.0.141)
    - gtm-oauth2 (~> 1.0.125)
  - Google-API-Client/Discovery (1.0.422):
    - Google-API-Client/Common
    - gtm-http-fetcher (~> 1.0.141)
    - gtm-oauth2 (~> 1.0.125)
  - Google-API-Client/DoubleClickBidManager (1.0.422):
    - Google-API-Client/Common
    - gtm-http-fetcher (~> 1.0.141)
    - gtm-oauth2 (~> 1.0.125)
  - Google-API-Client/Drive (1.0.422):
    - Google-API-Client/Common
    - gtm-http-fetcher (~> 1.0.141)
    - gtm-oauth2 (~> 1.0.125)
  - Google-API-Client/Gmail (1.0.422):
    - Google-API-Client/Common
    - gtm-http-fetcher (~> 1.0.141)
    - gtm-oauth2 (~> 1.0.125)
  - Google-API-Client/Groupssettings (1.0.422):
    - Google-API-Client/Common
    - gtm-http-fetcher (~> 1.0.141)
    - gtm-oauth2 (~> 1.0.125)
  - Google-API-Client/Licensing (1.0.422):
    - Google-API-Client/Common
    - gtm-http-fetcher (~> 1.0.141)
    - gtm-oauth2 (~> 1.0.125)
  - Google-API-Client/MapsEngine (1.0.422):
    - Google-API-Client/Common
    - gtm-http-fetcher (~> 1.0.141)
    - gtm-oauth2 (~> 1.0.125)
  - Google-API-Client/Mirror (1.0.422):
    - Google-API-Client/Common
    - gtm-http-fetcher (~> 1.0.141)
    - gtm-oauth2 (~> 1.0.125)
  - Google-API-Client/Orkut (1.0.422):
    - Google-API-Client/Common
    - gtm-http-fetcher (~> 1.0.141)
    - gtm-oauth2 (~> 1.0.125)
  - Google-API-Client/Plus (1.0.422):
    - Google-API-Client/Common
    - gtm-http-fetcher (~> 1.0.141)
    - gtm-oauth2 (~> 1.0.125)
  - Google-API-Client/PlusDomains (1.0.422):
    - Google-API-Client/Common
    - gtm-http-fetcher (~> 1.0.141)
    - gtm-oauth2 (~> 1.0.125)
  - Google-API-Client/Prediction (1.0.422):
    - Google-API-Client/Common
    - gtm-http-fetcher (~> 1.0.141)
    - gtm-oauth2 (~> 1.0.125)
  - Google-API-Client/QPXExpress (1.0.422):
    - Google-API-Client/Common
    - gtm-http-fetcher (~> 1.0.141)
    - gtm-oauth2 (~> 1.0.125)
  - Google-API-Client/Spectrum (1.0.422):
    - Google-API-Client/Common
    - gtm-http-fetcher (~> 1.0.141)
    - gtm-oauth2 (~> 1.0.125)
  - Google-API-Client/SQLAdmin (1.0.422):
    - Google-API-Client/Common
    - gtm-http-fetcher (~> 1.0.141)
    - gtm-oauth2 (~> 1.0.125)
  - Google-API-Client/Storage (1.0.422):
    - Google-API-Client/Common
    - gtm-http-fetcher (~> 1.0.141)
    - gtm-oauth2 (~> 1.0.125)
  - Google-API-Client/Tasks (1.0.422):
    - Google-API-Client/Common
    - gtm-http-fetcher (~> 1.0.141)
    - gtm-oauth2 (~> 1.0.125)
  - Google-API-Client/Urlshortener (1.0.422):
    - Google-API-Client/Common
    - gtm-http-fetcher (~> 1.0.141)
    - gtm-oauth2 (~> 1.0.125)
  - Google-API-Client/YouTube (1.0.422):
    - Google-API-Client/Common
    - gtm-http-fetcher (~> 1.0.141)
    - gtm-oauth2 (~> 1.0.125)
  - Google-API-Client/YouTubeAnalytics (1.0.422):
    - Google-API-Client/Common
    - gtm-http-fetcher (~> 1.0.141)
    - gtm-oauth2 (~> 1.0.125)
  - gtm-http-fetcher (1.0.141)
  - gtm-oauth2 (1.0.126):
    - gtm-http-fetcher (~> 1.0.141)
  - NMRangeSlider (1.2.1)
  - NSLogger (1.5.1):
    - NSLogger/Standard (= 1.5.1)
  - NSLogger/Standard (1.5.1)
  - SDWebImage (3.7.3):
    - SDWebImage/Core (= 3.7.3)
  - SDWebImage/Core (3.7.3)
  - UAProgressView (0.1.2)

DEPENDENCIES:
  - AFNetworking (~> 2.5.0)
  - AHKActionSheet (= 0.5.1)
  - FastSocket
  - FBSDKCoreKit
  - FBSDKLoginKit
  - FBSDKShareKit
  - FCFileManager
  - GBPing
  - Google-API-Client
  - NMRangeSlider
  - NSLogger
  - SDWebImage (~> 3.7)
  - UAProgressView

SPEC CHECKSUMS:
  AFNetworking: 05edc0ac4c4c8cf57bcf4b84be5b0744b6d8e71e
  AHKActionSheet: f3cf47e11e83752567b047aebd9d36187014b8e3
  Bolts: d176cb1e0012175589e389a9db49b85e27787576
  FastSocket: 0fa2716071517078d67ead1378d34af443bd54c4
  FBSDKCoreKit: 75bdd75c980e811db218488d99dd93b7740f4474
  FBSDKLoginKit: 02a9254a4c132412fa03577b0d53e936d068a7fb
  FBSDKShareKit: a42865f20ba2d1cc548c4d0f73ad22cff6377ddb
  FCFileManager: 5cb3d223ff185b4f565dd917e1eb2ccb6c43a1d8
  GBPing: 96434766235731ff5b4573584fac8add16b31f71
  Google-API-Client: cb712cf122f1d7fda966de4c2bc551324573366c
  gtm-http-fetcher: 6d4617e7d343b6e4c082b777541c334eb6f5d81e
  gtm-oauth2: 2a18b824e4f8a02df6cfe987beb59ae9d9697f9d
  NMRangeSlider: 317ded652431eb90501c8421d9cddc3930d891e6
  NSLogger: 5ed223a2436df96244e033be750656dacdeec034
  SDWebImage: 1d2b1a1efda1ade1b00b6f8498865f8ddedc8a84
  UAProgressView: 4ef6d60b4e060884cb0315e7628256f998744247

COCOAPODS: 0.36.3
